
Microsoft Visual Studio Solution File, Format Version 12.00
# Visual Studio Version 17
VisualStudioVersion = 17.5.33516.290
MinimumVisualStudioVersion = 10.0.40219.1
Project("{9A19103F-16F7-4668-BE54-9A1E7A4F7556}") = "Cave.Backports", "Cave.Backports\Cave.Backports.csproj", "{9D83ADA0-1D96-47FD-A3F5-C4AB9445B999}"
EndProject
Project("{2150E333-8FDC-42A3-9474-1A3956D46DE8}") = "Solution Items", "Solution Items", "{78CBA6BC-2270-4843-9EDC-7D2A85E6A9E2}"
	ProjectSection(SolutionItems) = preProject
		.editorconfig = .editorconfig
		.gitignore = .gitignore
		azure-pipelines.yml = azure-pipelines.yml
		build.bat = build.bat
		cavesystems.png = cavesystems.png
		CodeMaid.config = CodeMaid.config
		Directory.Build.props = Directory.Build.props
		Directory.Build.targets = Directory.Build.targets
		LICENSE = LICENSE
		README.md = README.md
		Rebracer.xml = Rebracer.xml
	EndProjectSection
EndProject
Project("{2150E333-8FDC-42A3-9474-1A3956D46DE8}") = "Tests", "Tests", "{33B14B72-2C15-4E9B-A455-D3EFE76C2F10}"
EndProject
Project("{9A19103F-16F7-4668-BE54-9A1E7A4F7556}") = "Test_NET2x", "Tests\Test_NET2x.csproj", "{2EDB47F0-F612-46B1-879F-6CAFE77276B1}"
EndProject
Project("{9A19103F-16F7-4668-BE54-9A1E7A4F7556}") = "Test_NET4x", "Tests\Test_NET4x.csproj", "{B93F286E-494C-42B5-AF3C-E7878D3826C7}"
EndProject
Project("{9A19103F-16F7-4668-BE54-9A1E7A4F7556}") = "Test_NETCORE", "Tests\Test_NETCORE.csproj", "{DECB56D2-103B-419D-BD7A-60F401717A65}"
EndProject
Project("{9A19103F-16F7-4668-BE54-9A1E7A4F7556}") = "Test_NET5+", "Tests\Test_NET5+.csproj", "{2C312B4B-EDBC-4B6E-9507-6337A863912D}"
EndProject
Global
	GlobalSection(SolutionConfigurationPlatforms) = preSolution
		Debug|Any CPU = Debug|Any CPU
		Release|Any CPU = Release|Any CPU
	EndGlobalSection
	GlobalSection(ProjectConfigurationPlatforms) = postSolution
		{9D83ADA0-1D96-47FD-A3F5-C4AB9445B999}.Debug|Any CPU.ActiveCfg = Debug|Any CPU
		{9D83ADA0-1D96-47FD-A3F5-C4AB9445B999}.Debug|Any CPU.Build.0 = Debug|Any CPU
		{9D83ADA0-1D96-47FD-A3F5-C4AB9445B999}.Release|Any CPU.ActiveCfg = Release|Any CPU
		{9D83ADA0-1D96-47FD-A3F5-C4AB9445B999}.Release|Any CPU.Build.0 = Release|Any CPU
		{2EDB47F0-F612-46B1-879F-6CAFE77276B1}.Debug|Any CPU.ActiveCfg = Debug|Any CPU
		{2EDB47F0-F612-46B1-879F-6CAFE77276B1}.Debug|Any CPU.Build.0 = Debug|Any CPU
		{2EDB47F0-F612-46B1-879F-6CAFE77276B1}.Release|Any CPU.ActiveCfg = Release|Any CPU
		{2EDB47F0-F612-46B1-879F-6CAFE77276B1}.Release|Any CPU.Build.0 = Release|Any CPU
		{B93F286E-494C-42B5-AF3C-E7878D3826C7}.Debug|Any CPU.ActiveCfg = Debug|Any CPU
		{B93F286E-494C-42B5-AF3C-E7878D3826C7}.Debug|Any CPU.Build.0 = Debug|Any CPU
		{B93F286E-494C-42B5-AF3C-E7878D3826C7}.Release|Any CPU.ActiveCfg = Release|Any CPU
		{B93F286E-494C-42B5-AF3C-E7878D3826C7}.Release|Any CPU.Build.0 = Release|Any CPU
		{DECB56D2-103B-419D-BD7A-60F401717A65}.Debug|Any CPU.ActiveCfg = Debug|Any CPU
		{DECB56D2-103B-419D-BD7A-60F401717A65}.Debug|Any CPU.Build.0 = Debug|Any CPU
		{DECB56D2-103B-419D-BD7A-60F401717A65}.Release|Any CPU.ActiveCfg = Release|Any CPU
		{DECB56D2-103B-419D-BD7A-60F401717A65}.Release|Any CPU.Build.0 = Release|Any CPU
		{2C312B4B-EDBC-4B6E-9507-6337A863912D}.Debug|Any CPU.ActiveCfg = Debug|Any CPU
		{2C312B4B-EDBC-4B6E-9507-6337A863912D}.Debug|Any CPU.Build.0 = Debug|Any CPU
		{2C312B4B-EDBC-4B6E-9507-6337A863912D}.Release|Any CPU.ActiveCfg = Release|Any CPU
		{2C312B4B-EDBC-4B6E-9507-6337A863912D}.Release|Any CPU.Build.0 = Release|Any CPU
	EndGlobalSection
	GlobalSection(SolutionProperties) = preSolution
		HideSolutionNode = FALSE
	EndGlobalSection
	GlobalSection(NestedProjects) = preSolution
		{2EDB47F0-F612-46B1-879F-6CAFE77276B1} = {33B14B72-2C15-4E9B-A455-D3EFE76C2F10}
		{B93F286E-494C-42B5-AF3C-E7878D3826C7} = {33B14B72-2C15-4E9B-A455-D3EFE76C2F10}
		{DECB56D2-103B-419D-BD7A-60F401717A65} = {33B14B72-2C15-4E9B-A455-D3EFE76C2F10}
		{2C312B4B-EDBC-4B6E-9507-6337A863912D} = {33B14B72-2C15-4E9B-A455-D3EFE76C2F10}
	EndGlobalSection
	GlobalSection(ExtensibilityGlobals) = postSolution
		SolutionGuid = {BB90DCB9-4957-4F64-959E-A7348064C540}
	EndGlobalSection
EndGlobal
